
Microsoft Visual Studio Solution File, Format Version 12.00
# Visual Studio 15
VisualStudioVersion = 15.0.27703.2042
MinimumVisualStudioVersion = 10.0.40219.1
Project("{FAE04EC0-301F-11D3-BF4B-00C04F79EFBC}") = "ServerClientStateMachine", "ServerClientStateMachine\ServerClientStateMachine.csproj", "{EBA366CC-560F-4787-B58F-F50FEC77E833}"
EndProject
Project("{FAE04EC0-301F-11D3-BF4B-00C04F79EFBC}") = "ServerClientStateMachine.Tests", "ServerClientStateMachine.Tests\ServerClientStateMachine.Tests.csproj", "{E7C9C8C7-FE41-4B5B-8A5E-4458D3CB692A}"
EndProject
Global
	GlobalSection(SolutionConfigurationPlatforms) = preSolution
		Debug|Any CPU = Debug|Any CPU
		Release|Any CPU = Release|Any CPU
	EndGlobalSection
	GlobalSection(ProjectConfigurationPlatforms) = postSolution
		{EBA366CC-560F-4787-B58F-F50FEC77E833}.Debug|Any CPU.ActiveCfg = Debug|Any CPU
		{EBA366CC-560F-4787-B58F-F50FEC77E833}.Debug|Any CPU.Build.0 = Debug|Any CPU
		{EBA366CC-560F-4787-B58F-F50FEC77E833}.Release|Any CPU.ActiveCfg = Release|Any CPU
		{EBA366CC-560F-4787-B58F-F50FEC77E833}.Release|Any CPU.Build.0 = Release|Any CPU
		{E7C9C8C7-FE41-4B5B-8A5E-4458D3CB692A}.Debug|Any CPU.ActiveCfg = Debug|Any CPU
		{E7C9C8C7-FE41-4B5B-8A5E-4458D3CB692A}.Debug|Any CPU.Build.0 = Debug|Any CPU
		{E7C9C8C7-FE41-4B5B-8A5E-4458D3CB692A}.Release|Any CPU.ActiveCfg = Release|Any CPU
		{E7C9C8C7-FE41-4B5B-8A5E-4458D3CB692A}.Release|Any CPU.Build.0 = Release|Any CPU
	EndGlobalSection
	GlobalSection(SolutionProperties) = preSolution
		HideSolutionNode = FALSE
	EndGlobalSection
	GlobalSection(ExtensibilityGlobals) = postSolution
		SolutionGuid = {17CD7223-1DAE-4B8A-A6ED-6A0B476702E2}
	EndGlobalSection
EndGlobal
